
Microsoft Visual Studio Solution File, Format Version 11.00
# Visual Studio 2010
Project("{8BC9CEB8-8B4A-11D0-8D11-00A0C91BC942}") = "Time-Voyager", "Time-Voyager\Time-Voyager.vcxproj", "{D51F0825-6AF1-4A00-8384-11ECF0A87519}"
EndProject
Project("{2150E333-8FDC-42A3-9474-1A3956D46DE8}") = "NewFolder1", "NewFolder1", "{F35605AD-F743-4F02-B0AE-82EBCD121D08}"
EndProject
Project("{2150E333-8FDC-42A3-9474-1A3956D46DE8}") = "TVSource", "TVSource", "{11953003-4DEC-4635-BDFB-F0986016162B}"
	ProjectSection(SolutionItems) = preProject
		Time-Voyager\TVSource\COPYCURRENTDIRECTORY.bat = Time-Voyager\TVSource\COPYCURRENTDIRECTORY.bat
	EndProjectSection
EndProject
Project("{2150E333-8FDC-42A3-9474-1A3956D46DE8}") = "Apps", "Apps", "{1354FF8D-3C9D-4B4A-BB36-972FC241EED0}"
	ProjectSection(SolutionItems) = preProject
		Time-Voyager\TVSource\Apps\GameState.cpp = Time-Voyager\TVSource\Apps\GameState.cpp
		Time-Voyager\TVSource\Apps\GameState.hpp = Time-Voyager\TVSource\Apps\GameState.hpp
		Time-Voyager\TVSource\Apps\MenuState.cpp = Time-Voyager\TVSource\Apps\MenuState.cpp
		Time-Voyager\TVSource\Apps\MenuState.hpp = Time-Voyager\TVSource\Apps\MenuState.hpp
		Time-Voyager\TVSource\Apps\Time-Voyager.cpp = Time-Voyager\TVSource\Apps\Time-Voyager.cpp
		Time-Voyager\TVSource\Apps\TimeVoyagerApp.cpp = Time-Voyager\TVSource\Apps\TimeVoyagerApp.cpp
		Time-Voyager\TVSource\Apps\TimeVoyagerApp.hpp = Time-Voyager\TVSource\Apps\TimeVoyagerApp.hpp
	EndProjectSection
EndProject
Project("{2150E333-8FDC-42A3-9474-1A3956D46DE8}") = "Assets", "Assets", "{21B89539-98D1-44ED-A07F-8AE348F1A96A}"
	ProjectSection(SolutionItems) = preProject
		Time-Voyager\TVSource\Assets\ConfigAsset.cpp = Time-Voyager\TVSource\Assets\ConfigAsset.cpp
		Time-Voyager\TVSource\Assets\ConfigAsset.hpp = Time-Voyager\TVSource\Assets\ConfigAsset.hpp
		Time-Voyager\TVSource\Assets\ConfigHandler.cpp = Time-Voyager\TVSource\Assets\ConfigHandler.cpp
		Time-Voyager\TVSource\Assets\ConfigHandler.hpp = Time-Voyager\TVSource\Assets\ConfigHandler.hpp
		Time-Voyager\TVSource\Assets\FontAsset.cpp = Time-Voyager\TVSource\Assets\FontAsset.cpp
		Time-Voyager\TVSource\Assets\FontAsset.hpp = Time-Voyager\TVSource\Assets\FontAsset.hpp
		Time-Voyager\TVSource\Assets\FontHandler.cpp = Time-Voyager\TVSource\Assets\FontHandler.cpp
		Time-Voyager\TVSource\Assets\FontHandler.hpp = Time-Voyager\TVSource\Assets\FontHandler.hpp
		Time-Voyager\TVSource\Assets\ImageAsset.cpp = Time-Voyager\TVSource\Assets\ImageAsset.cpp
		Time-Voyager\TVSource\Assets\ImageAsset.hpp = Time-Voyager\TVSource\Assets\ImageAsset.hpp
		Time-Voyager\TVSource\Assets\ImageHandler.cpp = Time-Voyager\TVSource\Assets\ImageHandler.cpp
		Time-Voyager\TVSource\Assets\ImageHandler.hpp = Time-Voyager\TVSource\Assets\ImageHandler.hpp
		Time-Voyager\TVSource\Assets\MusicAsset.cpp = Time-Voyager\TVSource\Assets\MusicAsset.cpp
		Time-Voyager\TVSource\Assets\MusicAsset.hpp = Time-Voyager\TVSource\Assets\MusicAsset.hpp
		Time-Voyager\TVSource\Assets\MusicHandler.cpp = Time-Voyager\TVSource\Assets\MusicHandler.cpp
		Time-Voyager\TVSource\Assets\MusicHandler.hpp = Time-Voyager\TVSource\Assets\MusicHandler.hpp
		Time-Voyager\TVSource\Assets\SoundAsset.cpp = Time-Voyager\TVSource\Assets\SoundAsset.cpp
		Time-Voyager\TVSource\Assets\SoundAsset.hpp = Time-Voyager\TVSource\Assets\SoundAsset.hpp
		Time-Voyager\TVSource\Assets\SoundHandler.cpp = Time-Voyager\TVSource\Assets\SoundHandler.cpp
		Time-Voyager\TVSource\Assets\SoundHandler.hpp = Time-Voyager\TVSource\Assets\SoundHandler.hpp
	EndProjectSection
EndProject
Project("{2150E333-8FDC-42A3-9474-1A3956D46DE8}") = "Core", "Core", "{99242CCC-E7CB-4223-800B-AA3832528367}"
	ProjectSection(SolutionItems) = preProject
		Time-Voyager\TVSource\Core\Config.hpp = Time-Voyager\TVSource\Core\Config.hpp
		Time-Voyager\TVSource\Core\Core.hpp = Time-Voyager\TVSource\Core\Core.hpp
		Time-Voyager\TVSource\Core\Core_Types.cpp = Time-Voyager\TVSource\Core\Core_Types.cpp
		Time-Voyager\TVSource\Core\Core_Types.hpp = Time-Voyager\TVSource\Core\Core_Types.hpp
		Time-Voyager\TVSource\Core\stdafx.cpp = Time-Voyager\TVSource\Core\stdafx.cpp
		Time-Voyager\TVSource\Core\stdafx.h = Time-Voyager\TVSource\Core\stdafx.h
		Time-Voyager\TVSource\Core\targetver.h = Time-Voyager\TVSource\Core\targetver.h
	EndProjectSection
EndProject
Project("{2150E333-8FDC-42A3-9474-1A3956D46DE8}") = "Entity", "Entity", "{CFD0891B-0EA7-42FB-8668-D0B71EAFA1A0}"
	ProjectSection(SolutionItems) = preProject
		Time-Voyager\TVSource\Entity\CMakeLists.txt = Time-Voyager\TVSource\Entity\CMakeLists.txt
		Time-Voyager\TVSource\Entity\Entity.hpp = Time-Voyager\TVSource\Entity\Entity.hpp
		Time-Voyager\TVSource\Entity\Entity_types.cpp = Time-Voyager\TVSource\Entity\Entity_types.cpp
		Time-Voyager\TVSource\Entity\Entity_types.hpp = Time-Voyager\TVSource\Entity\Entity_types.hpp
	EndProjectSection
EndProject
Project("{2150E333-8FDC-42A3-9474-1A3956D46DE8}") = "classes", "classes", "{DB267A64-6F3B-42E7-A247-07457F3E5BA8}"
	ProjectSection(SolutionItems) = preProject
		Time-Voyager\TVSource\Entity\classes\ActionGroup.cpp = Time-Voyager\TVSource\Entity\classes\ActionGroup.cpp
		Time-Voyager\TVSource\Entity\classes\ActionGroup.hpp = Time-Voyager\TVSource\Entity\classes\ActionGroup.hpp
		Time-Voyager\TVSource\Entity\classes\Instance.cpp = Time-Voyager\TVSource\Entity\classes\Instance.cpp
		Time-Voyager\TVSource\Entity\classes\Instance.hpp = Time-Voyager\TVSource\Entity\classes\Instance.hpp
		Time-Voyager\TVSource\Entity\classes\Movable.cpp = Time-Voyager\TVSource\Entity\classes\Movable.cpp
		Time-Voyager\TVSource\Entity\classes\Movable.hpp = Time-Voyager\TVSource\Entity\classes\Movable.hpp
		Time-Voyager\TVSource\Entity\classes\Prototype.cpp = Time-Voyager\TVSource\Entity\classes\Prototype.cpp
		Time-Voyager\TVSource\Entity\classes\Prototype.hpp = Time-Voyager\TVSource\Entity\classes\Prototype.hpp
		Time-Voyager\TVSource\Entity\classes\PrototypeManager.cpp = Time-Voyager\TVSource\Entity\classes\PrototypeManager.cpp
		Time-Voyager\TVSource\Entity\classes\PrototypeManager.hpp = Time-Voyager\TVSource\Entity\classes\PrototypeManager.hpp
	EndProjectSection
EndProject
Project("{2150E333-8FDC-42A3-9474-1A3956D46DE8}") = "interfaces", "interfaces", "{05DD33D3-9135-43F2-AAC1-8BA2094E2D42}"
	ProjectSection(SolutionItems) = preProject
		Time-Voyager\TVSource\Entity\interfaces\IAction.cpp = Time-Voyager\TVSource\Entity\interfaces\IAction.cpp
		Time-Voyager\TVSource\Entity\interfaces\IAction.hpp = Time-Voyager\TVSource\Entity\interfaces\IAction.hpp
		Time-Voyager\TVSource\Entity\interfaces\IEntity.cpp = Time-Voyager\TVSource\Entity\interfaces\IEntity.cpp
		Time-Voyager\TVSource\Entity\interfaces\IEntity.hpp = Time-Voyager\TVSource\Entity\interfaces\IEntity.hpp
		Time-Voyager\TVSource\Entity\interfaces\ISystem.cpp = Time-Voyager\TVSource\Entity\interfaces\ISystem.cpp
		Time-Voyager\TVSource\Entity\interfaces\ISystem.hpp = Time-Voyager\TVSource\Entity\interfaces\ISystem.hpp
	EndProjectSection
EndProject
Project("{2150E333-8FDC-42A3-9474-1A3956D46DE8}") = "systems", "systems", "{F539654F-C294-4C22-8862-61331A06D557}"
	ProjectSection(SolutionItems) = preProject
		Time-Voyager\TVSource\Entity\systems\ActionSystem.cpp = Time-Voyager\TVSource\Entity\systems\ActionSystem.cpp
		Time-Voyager\TVSource\Entity\systems\ActionSystem.hpp = Time-Voyager\TVSource\Entity\systems\ActionSystem.hpp
		Time-Voyager\TVSource\Entity\systems\AnimationSystem.cpp = Time-Voyager\TVSource\Entity\systems\AnimationSystem.cpp
		Time-Voyager\TVSource\Entity\systems\AnimationSystem.hpp = Time-Voyager\TVSource\Entity\systems\AnimationSystem.hpp
		Time-Voyager\TVSource\Entity\systems\MovementSystem.cpp = Time-Voyager\TVSource\Entity\systems\MovementSystem.cpp
		Time-Voyager\TVSource\Entity\systems\MovementSystem.hpp = Time-Voyager\TVSource\Entity\systems\MovementSystem.hpp
		Time-Voyager\TVSource\Entity\systems\RenderSystem.cpp = Time-Voyager\TVSource\Entity\systems\RenderSystem.cpp
		Time-Voyager\TVSource\Entity\systems\RenderSystem.hpp = Time-Voyager\TVSource\Entity\systems\RenderSystem.hpp
	EndProjectSection
EndProject
Project("{2150E333-8FDC-42A3-9474-1A3956D46DE8}") = "Interfaces", "Interfaces", "{54C2E41A-C1C3-452D-83A4-0E46A679AD28}"
	ProjectSection(SolutionItems) = preProject
		Time-Voyager\TVSource\Interfaces\IApp.cpp = Time-Voyager\TVSource\Interfaces\IApp.cpp
		Time-Voyager\TVSource\Interfaces\IApp.hpp = Time-Voyager\TVSource\Interfaces\IApp.hpp
		Time-Voyager\TVSource\Interfaces\IAssetHandler.cpp = Time-Voyager\TVSource\Interfaces\IAssetHandler.cpp
		Time-Voyager\TVSource\Interfaces\IAssetHandler.hpp = Time-Voyager\TVSource\Interfaces\IAssetHandler.hpp
		Time-Voyager\TVSource\Interfaces\IEvent.cpp = Time-Voyager\TVSource\Interfaces\IEvent.cpp
		Time-Voyager\TVSource\Interfaces\IEvent.hpp = Time-Voyager\TVSource\Interfaces\IEvent.hpp
		Time-Voyager\TVSource\Interfaces\ILogger.cpp = Time-Voyager\TVSource\Interfaces\ILogger.cpp
		Time-Voyager\TVSource\Interfaces\ILogger.hpp = Time-Voyager\TVSource\Interfaces\ILogger.hpp
		Time-Voyager\TVSource\Interfaces\IProperty.cpp = Time-Voyager\TVSource\Interfaces\IProperty.cpp
		Time-Voyager\TVSource\Interfaces\IProperty.hpp = Time-Voyager\TVSource\Interfaces\IProperty.hpp
		Time-Voyager\TVSource\Interfaces\IState.cpp = Time-Voyager\TVSource\Interfaces\IState.cpp
		Time-Voyager\TVSource\Interfaces\IState.hpp = Time-Voyager\TVSource\Interfaces\IState.hpp
		Time-Voyager\TVSource\Interfaces\TAsset.hpp = Time-Voyager\TVSource\Interfaces\TAsset.hpp
		Time-Voyager\TVSource\Interfaces\TAssetHandler.hpp = Time-Voyager\TVSource\Interfaces\TAssetHandler.hpp
		Time-Voyager\TVSource\Interfaces\TEvent.hpp = Time-Voyager\TVSource\Interfaces\TEvent.hpp
		Time-Voyager\TVSource\Interfaces\TProperty.hpp = Time-Voyager\TVSource\Interfaces\TProperty.hpp
	EndProjectSection
EndProject
Project("{2150E333-8FDC-42A3-9474-1A3956D46DE8}") = "Loggers", "Loggers", "{0D8699B0-4102-415E-A96F-D371A27E7679}"
	ProjectSection(SolutionItems) = preProject
		Time-Voyager\TVSource\Loggers\FatalLogger.cpp = Time-Voyager\TVSource\Loggers\FatalLogger.cpp
		Time-Voyager\TVSource\Loggers\FatalLogger.hpp = Time-Voyager\TVSource\Loggers\FatalLogger.hpp
		Time-Voyager\TVSource\Loggers\FileLogger.cpp = Time-Voyager\TVSource\Loggers\FileLogger.cpp
		Time-Voyager\TVSource\Loggers\FileLogger.hpp = Time-Voyager\TVSource\Loggers\FileLogger.hpp
		Time-Voyager\TVSource\Loggers\Log_macros.hpp = Time-Voyager\TVSource\Loggers\Log_macros.hpp
		Time-Voyager\TVSource\Loggers\onullstream = Time-Voyager\TVSource\Loggers\onullstream
		Time-Voyager\TVSource\Loggers\ScopeLogger.cpp = Time-Voyager\TVSource\Loggers\ScopeLogger.cpp
		Time-Voyager\TVSource\Loggers\ScopeLogger.hpp = Time-Voyager\TVSource\Loggers\ScopeLogger.hpp
		Time-Voyager\TVSource\Loggers\StringLogger.cpp = Time-Voyager\TVSource\Loggers\StringLogger.cpp
		Time-Voyager\TVSource\Loggers\StringLogger.hpp = Time-Voyager\TVSource\Loggers\StringLogger.hpp
	EndProjectSection
EndProject
Project("{2150E333-8FDC-42A3-9474-1A3956D46DE8}") = "Managers", "Managers", "{A1FC82D0-977B-4EAF-8463-6A96C9623200}"
	ProjectSection(SolutionItems) = preProject
		Time-Voyager\TVSource\Managers\AssetManager.cpp = Time-Voyager\TVSource\Managers\AssetManager.cpp
		Time-Voyager\TVSource\Managers\AssetManager.hpp = Time-Voyager\TVSource\Managers\AssetManager.hpp
		Time-Voyager\TVSource\Managers\ConfigReader.cpp = Time-Voyager\TVSource\Managers\ConfigReader.cpp
		Time-Voyager\TVSource\Managers\ConfigReader.hpp = Time-Voyager\TVSource\Managers\ConfigReader.hpp
		Time-Voyager\TVSource\Managers\EventManager.cpp = Time-Voyager\TVSource\Managers\EventManager.cpp
		Time-Voyager\TVSource\Managers\EventManager.hpp = Time-Voyager\TVSource\Managers\EventManager.hpp
		Time-Voyager\TVSource\Managers\PropertyManager.cpp = Time-Voyager\TVSource\Managers\PropertyManager.cpp
		Time-Voyager\TVSource\Managers\PropertyManager.hpp = Time-Voyager\TVSource\Managers\PropertyManager.hpp
		Time-Voyager\TVSource\Managers\StateManager.cpp = Time-Voyager\TVSource\Managers\StateManager.cpp
		Time-Voyager\TVSource\Managers\StateManager.hpp = Time-Voyager\TVSource\Managers\StateManager.hpp
		Time-Voyager\TVSource\Managers\StatManager.cpp = Time-Voyager\TVSource\Managers\StatManager.cpp
		Time-Voyager\TVSource\Managers\StatManager.hpp = Time-Voyager\TVSource\Managers\StatManager.hpp
	EndProjectSection
EndProject
Project("{2150E333-8FDC-42A3-9474-1A3956D46DE8}") = "Utils", "Utils", "{179197BA-6EC5-4542-9CAB-DBDBB062D7C9}"
	ProjectSection(SolutionItems) = preProject
		Time-Voyager\TVSource\Utils\StringUtil.cpp = Time-Voyager\TVSource\Utils\StringUtil.cpp
		Time-Voyager\TVSource\Utils\StringUtil.hpp = Time-Voyager\TVSource\Utils\StringUtil.hpp
	EndProjectSection
EndProject
Global
	GlobalSection(SolutionConfigurationPlatforms) = preSolution
		Debug|Win32 = Debug|Win32
		Release|Win32 = Release|Win32
	EndGlobalSection
	GlobalSection(ProjectConfigurationPlatforms) = postSolution
		{D51F0825-6AF1-4A00-8384-11ECF0A87519}.Debug|Win32.ActiveCfg = Debug|Win32
		{D51F0825-6AF1-4A00-8384-11ECF0A87519}.Debug|Win32.Build.0 = Debug|Win32
		{D51F0825-6AF1-4A00-8384-11ECF0A87519}.Release|Win32.ActiveCfg = Release|Win32
		{D51F0825-6AF1-4A00-8384-11ECF0A87519}.Release|Win32.Build.0 = Release|Win32
	EndGlobalSection
	GlobalSection(SolutionProperties) = preSolution
		HideSolutionNode = FALSE
	EndGlobalSection
	GlobalSection(NestedProjects) = preSolution
		{1354FF8D-3C9D-4B4A-BB36-972FC241EED0} = {11953003-4DEC-4635-BDFB-F0986016162B}
		{21B89539-98D1-44ED-A07F-8AE348F1A96A} = {11953003-4DEC-4635-BDFB-F0986016162B}
		{99242CCC-E7CB-4223-800B-AA3832528367} = {11953003-4DEC-4635-BDFB-F0986016162B}
		{CFD0891B-0EA7-42FB-8668-D0B71EAFA1A0} = {11953003-4DEC-4635-BDFB-F0986016162B}
		{54C2E41A-C1C3-452D-83A4-0E46A679AD28} = {11953003-4DEC-4635-BDFB-F0986016162B}
		{0D8699B0-4102-415E-A96F-D371A27E7679} = {11953003-4DEC-4635-BDFB-F0986016162B}
		{A1FC82D0-977B-4EAF-8463-6A96C9623200} = {11953003-4DEC-4635-BDFB-F0986016162B}
		{179197BA-6EC5-4542-9CAB-DBDBB062D7C9} = {11953003-4DEC-4635-BDFB-F0986016162B}
		{DB267A64-6F3B-42E7-A247-07457F3E5BA8} = {CFD0891B-0EA7-42FB-8668-D0B71EAFA1A0}
		{05DD33D3-9135-43F2-AAC1-8BA2094E2D42} = {CFD0891B-0EA7-42FB-8668-D0B71EAFA1A0}
		{F539654F-C294-4C22-8862-61331A06D557} = {CFD0891B-0EA7-42FB-8668-D0B71EAFA1A0}
	EndGlobalSection
EndGlobal
